
Microsoft Visual Studio Solution File, Format Version 12.00
# Visual Studio Version 17
VisualStudioVersion = 17.3.32929.385
MinimumVisualStudioVersion = 10.0.40219.1
Project("{8BC9CEB8-8B4A-11D0-8D11-00A0C91BC942}") = "Project1", "Project1\Project1.vcxproj", "{EECA4427-111D-4238-AFBC-99DA12C76826}"
EndProject
Global
	GlobalSection(SolutionConfigurationPlatforms) = preSolution
		Debug|x64 = Debug|x64
		Debug|x86 = Debug|x86
		Release|x64 = Release|x64
		Release|x86 = Release|x86
	EndGlobalSection
	GlobalSection(ProjectConfigurationPlatforms) = postSolution
		{EECA4427-111D-4238-AFBC-99DA12C76826}.Debug|x64.ActiveCfg = Debug|x64
		{EECA4427-111D-4238-AFBC-99DA12C76826}.Debug|x64.Build.0 = Debug|x64
		{EECA4427-111D-4238-AFBC-99DA12C76826}.Debug|x86.ActiveCfg = Debug|Win32
		{EECA4427-111D-4238-AFBC-99DA12C76826}.Debug|x86.Build.0 = Debug|Win32
		{EECA4427-111D-4238-AFBC-99DA12C76826}.Release|x64.ActiveCfg = Release|x64
		{EECA4427-111D-4238-AFBC-99DA12C76826}.Release|x64.Build.0 = Release|x64
		{EECA4427-111D-4238-AFBC-99DA12C76826}.Release|x86.ActiveCfg = Release|Win32
		{EECA4427-111D-4238-AFBC-99DA12C76826}.Release|x86.Build.0 = Release|Win32
	EndGlobalSection
	GlobalSection(SolutionProperties) = preSolution
		HideSolutionNode = FALSE
	EndGlobalSection
	GlobalSection(ExtensibilityGlobals) = postSolution
		SolutionGuid = {CB796F40-A301-4494-A3C1-4EAABA6EA7B0}
	EndGlobalSection
EndGlobal
